
Microsoft Visual Studio Solution File, Format Version 12.00
# Visual Studio Version 17
VisualStudioVersion = 17.1.32328.378
MinimumVisualStudioVersion = 10.0.40219.1
Project("{9A19103F-16F7-4668-BE54-9A1E7A4F7556}") = "TimesTableApp", "TimesTableApp\TimesTableApp.csproj", "{B9FD2404-CDDC-4747-B18A-3D9D03BC59D3}"
EndProject
Project("{9A19103F-16F7-4668-BE54-9A1E7A4F7556}") = "CalculateTaxApp", "CalculateTax\CalculateTaxApp.csproj", "{00C1AF11-CF40-4EBC-843B-1020126B4025}"
EndProject
Project("{9A19103F-16F7-4668-BE54-9A1E7A4F7556}") = "Cardinal2OrdinalApp", "Cardinal2OrdinalApp\Cardinal2OrdinalApp.csproj", "{74B48850-CC3A-495E-895C-2A6D11D3AFE6}"
EndProject
Project("{9A19103F-16F7-4668-BE54-9A1E7A4F7556}") = "Factorial", "Factorial\Factorial.csproj", "{0B2DEF4F-3899-4E9D-A628-2E970BA5A240}"
EndProject
Project("{FAE04EC0-301F-11D3-BF4B-00C04F79EFBC}") = "ImperativeVsDeclarative", "ImperativeVsDeclarative\ImperativeVsDeclarative.csproj", "{7772CC54-9DEE-4640-BC9E-5F88B65B1F47}"
EndProject
Project("{FAE04EC0-301F-11D3-BF4B-00C04F79EFBC}") = "ExploringDebugging", "ExploringDebugging\ExploringDebugging.csproj", "{5BF0A19B-2435-4EB0-A765-7258E779FE86}"
EndProject
Global
	GlobalSection(SolutionConfigurationPlatforms) = preSolution
		Debug|Any CPU = Debug|Any CPU
		Release|Any CPU = Release|Any CPU
	EndGlobalSection
	GlobalSection(ProjectConfigurationPlatforms) = postSolution
		{B9FD2404-CDDC-4747-B18A-3D9D03BC59D3}.Debug|Any CPU.ActiveCfg = Debug|Any CPU
		{B9FD2404-CDDC-4747-B18A-3D9D03BC59D3}.Debug|Any CPU.Build.0 = Debug|Any CPU
		{B9FD2404-CDDC-4747-B18A-3D9D03BC59D3}.Release|Any CPU.ActiveCfg = Release|Any CPU
		{B9FD2404-CDDC-4747-B18A-3D9D03BC59D3}.Release|Any CPU.Build.0 = Release|Any CPU
		{00C1AF11-CF40-4EBC-843B-1020126B4025}.Debug|Any CPU.ActiveCfg = Debug|Any CPU
		{00C1AF11-CF40-4EBC-843B-1020126B4025}.Debug|Any CPU.Build.0 = Debug|Any CPU
		{00C1AF11-CF40-4EBC-843B-1020126B4025}.Release|Any CPU.ActiveCfg = Release|Any CPU
		{00C1AF11-CF40-4EBC-843B-1020126B4025}.Release|Any CPU.Build.0 = Release|Any CPU
		{74B48850-CC3A-495E-895C-2A6D11D3AFE6}.Debug|Any CPU.ActiveCfg = Debug|Any CPU
		{74B48850-CC3A-495E-895C-2A6D11D3AFE6}.Debug|Any CPU.Build.0 = Debug|Any CPU
		{74B48850-CC3A-495E-895C-2A6D11D3AFE6}.Release|Any CPU.ActiveCfg = Release|Any CPU
		{74B48850-CC3A-495E-895C-2A6D11D3AFE6}.Release|Any CPU.Build.0 = Release|Any CPU
		{0B2DEF4F-3899-4E9D-A628-2E970BA5A240}.Debug|Any CPU.ActiveCfg = Debug|Any CPU
		{0B2DEF4F-3899-4E9D-A628-2E970BA5A240}.Debug|Any CPU.Build.0 = Debug|Any CPU
		{0B2DEF4F-3899-4E9D-A628-2E970BA5A240}.Release|Any CPU.ActiveCfg = Release|Any CPU
		{0B2DEF4F-3899-4E9D-A628-2E970BA5A240}.Release|Any CPU.Build.0 = Release|Any CPU
		{7772CC54-9DEE-4640-BC9E-5F88B65B1F47}.Debug|Any CPU.ActiveCfg = Debug|Any CPU
		{7772CC54-9DEE-4640-BC9E-5F88B65B1F47}.Debug|Any CPU.Build.0 = Debug|Any CPU
		{7772CC54-9DEE-4640-BC9E-5F88B65B1F47}.Release|Any CPU.ActiveCfg = Release|Any CPU
		{7772CC54-9DEE-4640-BC9E-5F88B65B1F47}.Release|Any CPU.Build.0 = Release|Any CPU
		{5BF0A19B-2435-4EB0-A765-7258E779FE86}.Debug|Any CPU.ActiveCfg = Debug|Any CPU
		{5BF0A19B-2435-4EB0-A765-7258E779FE86}.Debug|Any CPU.Build.0 = Debug|Any CPU
		{5BF0A19B-2435-4EB0-A765-7258E779FE86}.Release|Any CPU.ActiveCfg = Release|Any CPU
		{5BF0A19B-2435-4EB0-A765-7258E779FE86}.Release|Any CPU.Build.0 = Release|Any CPU
	EndGlobalSection
	GlobalSection(SolutionProperties) = preSolution
		HideSolutionNode = FALSE
	EndGlobalSection
	GlobalSection(ExtensibilityGlobals) = postSolution
		SolutionGuid = {77844F98-E73F-46F6-9A35-37C0808E70C8}
	EndGlobalSection
EndGlobal
