
Microsoft Visual Studio Solution File, Format Version 12.00
# Visual Studio Version 17
VisualStudioVersion = 17.1.32328.378
MinimumVisualStudioVersion = 10.0.40219.1
Project("{FAE04EC0-301F-11D3-BF4B-00C04F79EFBC}") = "TimesTableApp", "TimesTableApp\TimesTableApp.csproj", "{B9FD2404-CDDC-4747-B18A-3D9D03BC59D3}"
EndProject
Project("{FAE04EC0-301F-11D3-BF4B-00C04F79EFBC}") = "CalculateTaxApp", "CalculateTax\CalculateTaxApp.csproj", "{00C1AF11-CF40-4EBC-843B-1020126B4025}"
EndProject
Project("{FAE04EC0-301F-11D3-BF4B-00C04F79EFBC}") = "Cardinal2OrdinalApp", "Cardinal2OrdinalApp\Cardinal2OrdinalApp.csproj", "{74B48850-CC3A-495E-895C-2A6D11D3AFE6}"
EndProject
Global
	GlobalSection(SolutionConfigurationPlatforms) = preSolution
		Debug|Any CPU = Debug|Any CPU
		Release|Any CPU = Release|Any CPU
	EndGlobalSection
	GlobalSection(ProjectConfigurationPlatforms) = postSolution
		{B9FD2404-CDDC-4747-B18A-3D9D03BC59D3}.Debug|Any CPU.ActiveCfg = Debug|Any CPU
		{B9FD2404-CDDC-4747-B18A-3D9D03BC59D3}.Debug|Any CPU.Build.0 = Debug|Any CPU
		{B9FD2404-CDDC-4747-B18A-3D9D03BC59D3}.Release|Any CPU.ActiveCfg = Release|Any CPU
		{B9FD2404-CDDC-4747-B18A-3D9D03BC59D3}.Release|Any CPU.Build.0 = Release|Any CPU
		{00C1AF11-CF40-4EBC-843B-1020126B4025}.Debug|Any CPU.ActiveCfg = Debug|Any CPU
		{00C1AF11-CF40-4EBC-843B-1020126B4025}.Debug|Any CPU.Build.0 = Debug|Any CPU
		{00C1AF11-CF40-4EBC-843B-1020126B4025}.Release|Any CPU.ActiveCfg = Release|Any CPU
		{00C1AF11-CF40-4EBC-843B-1020126B4025}.Release|Any CPU.Build.0 = Release|Any CPU
		{74B48850-CC3A-495E-895C-2A6D11D3AFE6}.Debug|Any CPU.ActiveCfg = Debug|Any CPU
		{74B48850-CC3A-495E-895C-2A6D11D3AFE6}.Debug|Any CPU.Build.0 = Debug|Any CPU
		{74B48850-CC3A-495E-895C-2A6D11D3AFE6}.Release|Any CPU.ActiveCfg = Release|Any CPU
		{74B48850-CC3A-495E-895C-2A6D11D3AFE6}.Release|Any CPU.Build.0 = Release|Any CPU
	EndGlobalSection
	GlobalSection(SolutionProperties) = preSolution
		HideSolutionNode = FALSE
	EndGlobalSection
	GlobalSection(ExtensibilityGlobals) = postSolution
		SolutionGuid = {77844F98-E73F-46F6-9A35-37C0808E70C8}
	EndGlobalSection
EndGlobal
